{
  "requires": true,
  "lockfileVersion": 1,
  "dependencies": {
    "sqlite": {
      "version": "4.0.9",
      "resolved": "https://registry.npmjs.org/sqlite/-/sqlite-4.0.9.tgz",
      "integrity": "sha512-vB6Xzn5S5XxMfmyO0ErKjuP5jEQ0z+oFXFC4zXC0s12NMULLETUTb6+PST8sZ7/2HR4KLk4Jsj5yeXkCvogYxg=="
    }
  }
}
